{
  "name": "@open-scanner-serial/whistler",
  "version": "0.0.6",
  "lockfileVersion": 1,
  "requires": true,
  "dependencies": {
    "@open-scanner-serial/interface": {
      "version": "0.0.6",
      "resolved": "https://registry.npmjs.org/@open-scanner-serial/interface/-/interface-0.0.6.tgz",
      "integrity": "sha512-rTKklPN4+J65l3EzwA+wOHaVJJkyi0LNAm4PAn6P3MGolSgtMfwSQwbUvet7fypiXmVeP7ATPeWlXbtkNKTUGA=="
    }
  }
}
